
Microsoft Visual Studio Solution File, Format Version 12.00
# Visual Studio Version 16
VisualStudioVersion = 16.0.31005.135
MinimumVisualStudioVersion = 10.0.40219.1
Project("{9A19103F-16F7-4668-BE54-9A1E7A4F7556}") = "ScrybeLogger", "ScrybeLogger\ScrybeLogger.csproj", "{8AE09126-AED6-4700-8553-946DFE1DE5B6}"
EndProject
Project("{FAE04EC0-301F-11D3-BF4B-00C04F79EFBC}") = "ScrybeTest", "ScrybeTest\ScrybeTest.csproj", "{F606535C-EBD7-4712-B5FB-E451526D0F97}"
EndProject
Project("{9A19103F-16F7-4668-BE54-9A1E7A4F7556}") = "ScrybeLogger.Interface", "ScrybeLogger.Interface\ScrybeLogger.Interface.csproj", "{61FF652F-DBBE-4BD4-A630-EA140E9636BB}"
EndProject
Project("{FAE04EC0-301F-11D3-BF4B-00C04F79EFBC}") = "ScrybeLogger.Extensions", "ScrybeLogger.Extensions\ScrybeLogger.Extensions.csproj", "{9982108C-E784-4ADE-9A75-9BB00FE28634}"
EndProject
Global
	GlobalSection(SolutionConfigurationPlatforms) = preSolution
		Debug|Any CPU = Debug|Any CPU
		Release|Any CPU = Release|Any CPU
	EndGlobalSection
	GlobalSection(ProjectConfigurationPlatforms) = postSolution
		{8AE09126-AED6-4700-8553-946DFE1DE5B6}.Debug|Any CPU.ActiveCfg = Debug|Any CPU
		{8AE09126-AED6-4700-8553-946DFE1DE5B6}.Debug|Any CPU.Build.0 = Debug|Any CPU
		{8AE09126-AED6-4700-8553-946DFE1DE5B6}.Release|Any CPU.ActiveCfg = Release|Any CPU
		{8AE09126-AED6-4700-8553-946DFE1DE5B6}.Release|Any CPU.Build.0 = Release|Any CPU
		{F606535C-EBD7-4712-B5FB-E451526D0F97}.Debug|Any CPU.ActiveCfg = Debug|Any CPU
		{F606535C-EBD7-4712-B5FB-E451526D0F97}.Debug|Any CPU.Build.0 = Debug|Any CPU
		{F606535C-EBD7-4712-B5FB-E451526D0F97}.Release|Any CPU.ActiveCfg = Release|Any CPU
		{F606535C-EBD7-4712-B5FB-E451526D0F97}.Release|Any CPU.Build.0 = Release|Any CPU
		{61FF652F-DBBE-4BD4-A630-EA140E9636BB}.Debug|Any CPU.ActiveCfg = Debug|Any CPU
		{61FF652F-DBBE-4BD4-A630-EA140E9636BB}.Debug|Any CPU.Build.0 = Debug|Any CPU
		{61FF652F-DBBE-4BD4-A630-EA140E9636BB}.Release|Any CPU.ActiveCfg = Release|Any CPU
		{61FF652F-DBBE-4BD4-A630-EA140E9636BB}.Release|Any CPU.Build.0 = Release|Any CPU
		{9982108C-E784-4ADE-9A75-9BB00FE28634}.Debug|Any CPU.ActiveCfg = Debug|Any CPU
		{9982108C-E784-4ADE-9A75-9BB00FE28634}.Debug|Any CPU.Build.0 = Debug|Any CPU
		{9982108C-E784-4ADE-9A75-9BB00FE28634}.Release|Any CPU.ActiveCfg = Release|Any CPU
		{9982108C-E784-4ADE-9A75-9BB00FE28634}.Release|Any CPU.Build.0 = Release|Any CPU
	EndGlobalSection
	GlobalSection(SolutionProperties) = preSolution
		HideSolutionNode = FALSE
	EndGlobalSection
	GlobalSection(ExtensibilityGlobals) = postSolution
		SolutionGuid = {E29271A1-A92A-4555-B056-090898FCB55A}
	EndGlobalSection
EndGlobal
